
Microsoft Visual Studio Solution File, Format Version 12.00
# Visual Studio Version 17
VisualStudioVersion = 17.8.34601.278
MinimumVisualStudioVersion = 10.0.40219.1
Project("{2150E333-8FDC-42A3-9474-1A3956D46DE8}") = "Server", "Server", "{830E03C8-D593-4EB9-9375-17E34900C27C}"
EndProject
Project("{2150E333-8FDC-42A3-9474-1A3956D46DE8}") = "Client", "Client", "{85BDFA9B-3D65-4BEF-A6F7-51712306C1AA}"
EndProject
Project("{2150E333-8FDC-42A3-9474-1A3956D46DE8}") = "Shared", "Shared", "{4EB3646E-F4B5-4A50-9DD8-6C3DB0AB47A9}"
EndProject
Project("{FAE04EC0-301F-11D3-BF4B-00C04F79EFBC}") = "Shared", "Shared\Shared.csproj", "{91C23266-0022-4F19-93AB-097F3BE201CC}"
EndProject
Project("{FAE04EC0-301F-11D3-BF4B-00C04F79EFBC}") = "Domain", "Domain\Domain.csproj", "{BFFC41CF-BD20-45F8-AAC1-A50AD0194050}"
EndProject
Project("{FAE04EC0-301F-11D3-BF4B-00C04F79EFBC}") = "Application", "Application\Application.csproj", "{95A3290E-31E3-4E21-9E53-5E0D913930F8}"
EndProject
Project("{FAE04EC0-301F-11D3-BF4B-00C04F79EFBC}") = "Infrastructure", "Infrastructure\Infrastructure.csproj", "{0BCA51F4-0C92-4934-9AAE-FB23E757A293}"
EndProject
Project("{FAE04EC0-301F-11D3-BF4B-00C04F79EFBC}") = "Server", "Server\Server.csproj", "{C05E2EE2-7669-4367-A91E-E850D71716C0}"
EndProject
Project("{FAE04EC0-301F-11D3-BF4B-00C04F79EFBC}") = "Client", "Client\Client.csproj", "{6363D17E-1F48-4A14-96FC-4CF38C9C92B0}"
EndProject
Project("{FAE04EC0-301F-11D3-BF4B-00C04F79EFBC}") = "Client.Infrastructure", "Client.Infrastructure\Client.Infrastructure.csproj", "{F6CCCAA6-95C7-41DA-96AC-6BC16F86F8FC}"
EndProject
Global
	GlobalSection(SolutionConfigurationPlatforms) = preSolution
		Debug|Any CPU = Debug|Any CPU
		Release|Any CPU = Release|Any CPU
	EndGlobalSection
	GlobalSection(ProjectConfigurationPlatforms) = postSolution
		{91C23266-0022-4F19-93AB-097F3BE201CC}.Debug|Any CPU.ActiveCfg = Debug|Any CPU
		{91C23266-0022-4F19-93AB-097F3BE201CC}.Debug|Any CPU.Build.0 = Debug|Any CPU
		{91C23266-0022-4F19-93AB-097F3BE201CC}.Release|Any CPU.ActiveCfg = Release|Any CPU
		{91C23266-0022-4F19-93AB-097F3BE201CC}.Release|Any CPU.Build.0 = Release|Any CPU
		{BFFC41CF-BD20-45F8-AAC1-A50AD0194050}.Debug|Any CPU.ActiveCfg = Debug|Any CPU
		{BFFC41CF-BD20-45F8-AAC1-A50AD0194050}.Debug|Any CPU.Build.0 = Debug|Any CPU
		{BFFC41CF-BD20-45F8-AAC1-A50AD0194050}.Release|Any CPU.ActiveCfg = Release|Any CPU
		{BFFC41CF-BD20-45F8-AAC1-A50AD0194050}.Release|Any CPU.Build.0 = Release|Any CPU
		{95A3290E-31E3-4E21-9E53-5E0D913930F8}.Debug|Any CPU.ActiveCfg = Debug|Any CPU
		{95A3290E-31E3-4E21-9E53-5E0D913930F8}.Debug|Any CPU.Build.0 = Debug|Any CPU
		{95A3290E-31E3-4E21-9E53-5E0D913930F8}.Release|Any CPU.ActiveCfg = Release|Any CPU
		{95A3290E-31E3-4E21-9E53-5E0D913930F8}.Release|Any CPU.Build.0 = Release|Any CPU
		{0BCA51F4-0C92-4934-9AAE-FB23E757A293}.Debug|Any CPU.ActiveCfg = Debug|Any CPU
		{0BCA51F4-0C92-4934-9AAE-FB23E757A293}.Debug|Any CPU.Build.0 = Debug|Any CPU
		{0BCA51F4-0C92-4934-9AAE-FB23E757A293}.Release|Any CPU.ActiveCfg = Release|Any CPU
		{0BCA51F4-0C92-4934-9AAE-FB23E757A293}.Release|Any CPU.Build.0 = Release|Any CPU
		{C05E2EE2-7669-4367-A91E-E850D71716C0}.Debug|Any CPU.ActiveCfg = Debug|Any CPU
		{C05E2EE2-7669-4367-A91E-E850D71716C0}.Debug|Any CPU.Build.0 = Debug|Any CPU
		{C05E2EE2-7669-4367-A91E-E850D71716C0}.Release|Any CPU.ActiveCfg = Release|Any CPU
		{C05E2EE2-7669-4367-A91E-E850D71716C0}.Release|Any CPU.Build.0 = Release|Any CPU
		{6363D17E-1F48-4A14-96FC-4CF38C9C92B0}.Debug|Any CPU.ActiveCfg = Debug|Any CPU
		{6363D17E-1F48-4A14-96FC-4CF38C9C92B0}.Debug|Any CPU.Build.0 = Debug|Any CPU
		{6363D17E-1F48-4A14-96FC-4CF38C9C92B0}.Release|Any CPU.ActiveCfg = Release|Any CPU
		{6363D17E-1F48-4A14-96FC-4CF38C9C92B0}.Release|Any CPU.Build.0 = Release|Any CPU
		{F6CCCAA6-95C7-41DA-96AC-6BC16F86F8FC}.Debug|Any CPU.ActiveCfg = Debug|Any CPU
		{F6CCCAA6-95C7-41DA-96AC-6BC16F86F8FC}.Debug|Any CPU.Build.0 = Debug|Any CPU
		{F6CCCAA6-95C7-41DA-96AC-6BC16F86F8FC}.Release|Any CPU.ActiveCfg = Release|Any CPU
		{F6CCCAA6-95C7-41DA-96AC-6BC16F86F8FC}.Release|Any CPU.Build.0 = Release|Any CPU
	EndGlobalSection
	GlobalSection(SolutionProperties) = preSolution
		HideSolutionNode = FALSE
	EndGlobalSection
	GlobalSection(NestedProjects) = preSolution
		{91C23266-0022-4F19-93AB-097F3BE201CC} = {4EB3646E-F4B5-4A50-9DD8-6C3DB0AB47A9}
		{BFFC41CF-BD20-45F8-AAC1-A50AD0194050} = {830E03C8-D593-4EB9-9375-17E34900C27C}
		{95A3290E-31E3-4E21-9E53-5E0D913930F8} = {830E03C8-D593-4EB9-9375-17E34900C27C}
		{0BCA51F4-0C92-4934-9AAE-FB23E757A293} = {830E03C8-D593-4EB9-9375-17E34900C27C}
		{C05E2EE2-7669-4367-A91E-E850D71716C0} = {830E03C8-D593-4EB9-9375-17E34900C27C}
		{6363D17E-1F48-4A14-96FC-4CF38C9C92B0} = {85BDFA9B-3D65-4BEF-A6F7-51712306C1AA}
		{F6CCCAA6-95C7-41DA-96AC-6BC16F86F8FC} = {85BDFA9B-3D65-4BEF-A6F7-51712306C1AA}
	EndGlobalSection
	GlobalSection(ExtensibilityGlobals) = postSolution
		SolutionGuid = {F48E8793-218B-4705-AA1E-A5B0371FAEBC}
	EndGlobalSection
EndGlobal
